
Microsoft Visual Studio Solution File, Format Version 12.00
# Visual Studio Version 16
VisualStudioVersion = 16.0.33801.447
MinimumVisualStudioVersion = 10.0.40219.1
Project("{FAE04EC0-301F-11D3-BF4B-00C04F79EFBC}") = "Ejercicio_01", "Ejercicio_01\Ejercicio_01.csproj", "{F322E30A-5494-4874-8AA7-63679AA9914D}"
EndProject
Global
	GlobalSection(SolutionConfigurationPlatforms) = preSolution
		Debug|Any CPU = Debug|Any CPU
		Release|Any CPU = Release|Any CPU
	EndGlobalSection
	GlobalSection(ProjectConfigurationPlatforms) = postSolution
		{F322E30A-5494-4874-8AA7-63679AA9914D}.Debug|Any CPU.ActiveCfg = Debug|Any CPU
		{F322E30A-5494-4874-8AA7-63679AA9914D}.Debug|Any CPU.Build.0 = Debug|Any CPU
		{F322E30A-5494-4874-8AA7-63679AA9914D}.Release|Any CPU.ActiveCfg = Release|Any CPU
		{F322E30A-5494-4874-8AA7-63679AA9914D}.Release|Any CPU.Build.0 = Release|Any CPU
	EndGlobalSection
	GlobalSection(SolutionProperties) = preSolution
		HideSolutionNode = FALSE
	EndGlobalSection
	GlobalSection(ExtensibilityGlobals) = postSolution
		SolutionGuid = {6AF58809-0CEE-4205-B9A2-79E742F9B533}
	EndGlobalSection
EndGlobal
